
Microsoft Visual Studio Solution File, Format Version 12.00
# Visual Studio Version 17
VisualStudioVersion = 17.14.36930.0
MinimumVisualStudioVersion = 10.0.40219.1
Project("{FAE04EC0-301F-11D3-BF4B-00C04F79EFBC}") = "CamelBackend", "CamelBackend\CamelBackend.csproj", "{AF1CB05F-6082-4337-919C-09A8560E4EC8}"
EndProject
Project("{FAE04EC0-301F-11D3-BF4B-00C04F79EFBC}") = "CamelBackend.Tests", "CamelBackend.Tests\CamelBackend.Tests.csproj", "{C9182ABE-D4F0-4261-9485-E5C8BF720C74}"
EndProject
Global
	GlobalSection(SolutionConfigurationPlatforms) = preSolution
		Debug|Any CPU = Debug|Any CPU
		Release|Any CPU = Release|Any CPU
	EndGlobalSection
	GlobalSection(ProjectConfigurationPlatforms) = postSolution
		{AF1CB05F-6082-4337-919C-09A8560E4EC8}.Debug|Any CPU.ActiveCfg = Debug|Any CPU
		{AF1CB05F-6082-4337-919C-09A8560E4EC8}.Debug|Any CPU.Build.0 = Debug|Any CPU
		{AF1CB05F-6082-4337-919C-09A8560E4EC8}.Release|Any CPU.ActiveCfg = Release|Any CPU
		{AF1CB05F-6082-4337-919C-09A8560E4EC8}.Release|Any CPU.Build.0 = Release|Any CPU
		{C9182ABE-D4F0-4261-9485-E5C8BF720C74}.Debug|Any CPU.ActiveCfg = Debug|Any CPU
		{C9182ABE-D4F0-4261-9485-E5C8BF720C74}.Debug|Any CPU.Build.0 = Debug|Any CPU
		{C9182ABE-D4F0-4261-9485-E5C8BF720C74}.Release|Any CPU.ActiveCfg = Release|Any CPU
		{C9182ABE-D4F0-4261-9485-E5C8BF720C74}.Release|Any CPU.Build.0 = Release|Any CPU
	EndGlobalSection
	GlobalSection(SolutionProperties) = preSolution
		HideSolutionNode = FALSE
	EndGlobalSection
	GlobalSection(ExtensibilityGlobals) = postSolution
		SolutionGuid = {43040066-9E8E-44CD-AC39-9EF253DF906F}
	EndGlobalSection
EndGlobal
